// !$*UTF8*$!
{
	archiveVersion = 1;
	classes = {
	};
	objectVersion = 55;
	objects = {

/* Begin PBXBuildFile section */
		154BBD50270C9B7500EFB20E /* inholland_newsreaderApp.swift in Sources */ = {isa = PBXBuildFile; fileRef = 154BBD4F270C9B7500EFB20E /* inholland_newsreaderApp.swift */; };
		154BBD52270C9B7500EFB20E /* ContentView.swift in Sources */ = {isa = PBXBuildFile; fileRef = 154BBD51270C9B7500EFB20E /* ContentView.swift */; };
		154BBD54270C9B7800EFB20E /* Assets.xcassets in Resources */ = {isa = PBXBuildFile; fileRef = 154BBD53270C9B7800EFB20E /* Assets.xcassets */; };
		154BBD57270C9B7800EFB20E /* Preview Assets.xcassets in Resources */ = {isa = PBXBuildFile; fileRef = 154BBD56270C9B7800EFB20E /* Preview Assets.xcassets */; };
		154BBD5E270C9C3B00EFB20E /* .gitignore in Resources */ = {isa = PBXBuildFile; fileRef = 154BBD5D270C9C3B00EFB20E /* .gitignore */; };
		154BBD60270C9C6900EFB20E /* Article.swift in Sources */ = {isa = PBXBuildFile; fileRef = 154BBD5F270C9C6900EFB20E /* Article.swift */; };
		154BBD62270C9E4E00EFB20E /* ArticleCell.swift in Sources */ = {isa = PBXBuildFile; fileRef = 154BBD61270C9E4E00EFB20E /* ArticleCell.swift */; };
		154BBD64270CA48B00EFB20E /* ArticleView.swift in Sources */ = {isa = PBXBuildFile; fileRef = 154BBD63270CA48B00EFB20E /* ArticleView.swift */; };
		154BBD66270CBD2A00EFB20E /* FavoritesView.swift in Sources */ = {isa = PBXBuildFile; fileRef = 154BBD65270CBD2A00EFB20E /* FavoritesView.swift */; };
		154BBD6A270CC15400EFB20E /* ProfileView.swift in Sources */ = {isa = PBXBuildFile; fileRef = 154BBD69270CC15400EFB20E /* ProfileView.swift */; };
		154BBD6C270CCBD800EFB20E /* LoginView.swift in Sources */ = {isa = PBXBuildFile; fileRef = 154BBD6B270CCBD800EFB20E /* LoginView.swift */; };
		15BBF095270CD57B00D485E2 /* SignupView.swift in Sources */ = {isa = PBXBuildFile; fileRef = 15BBF094270CD57B00D485E2 /* SignupView.swift */; };
/* End PBXBuildFile section */

/* Begin PBXFileReference section */
		154BBD4C270C9B7500EFB20E /* inholland-newsreader.app */ = {isa = PBXFileReference; explicitFileType = wrapper.application; includeInIndex = 0; path = "inholland-newsreader.app"; sourceTree = BUILT_PRODUCTS_DIR; };
		154BBD4F270C9B7500EFB20E /* inholland_newsreaderApp.swift */ = {isa = PBXFileReference; lastKnownFileType = sourcecode.swift; path = inholland_newsreaderApp.swift; sourceTree = "<group>"; };
		154BBD51270C9B7500EFB20E /* ContentView.swift */ = {isa = PBXFileReference; lastKnownFileType = sourcecode.swift; path = ContentView.swift; sourceTree = "<group>"; };
		154BBD53270C9B7800EFB20E /* Assets.xcassets */ = {isa = PBXFileReference; lastKnownFileType = folder.assetcatalog; path = Assets.xcassets; sourceTree = "<group>"; };
		154BBD56270C9B7800EFB20E /* Preview Assets.xcassets */ = {isa = PBXFileReference; lastKnownFileType = folder.assetcatalog; path = "Preview Assets.xcassets"; sourceTree = "<group>"; };
		154BBD5D270C9C3B00EFB20E /* .gitignore */ = {isa = PBXFileReference; lastKnownFileType = text; path = .gitignore; sourceTree = "<group>"; };
		154BBD5F270C9C6900EFB20E /* Article.swift */ = {isa = PBXFileReference; lastKnownFileType = sourcecode.swift; path = Article.swift; sourceTree = "<group>"; };
		154BBD61270C9E4E00EFB20E /* ArticleCell.swift */ = {isa = PBXFileReference; lastKnownFileType = sourcecode.swift; path = ArticleCell.swift; sourceTree = "<group>"; };
		154BBD63270CA48B00EFB20E /* ArticleView.swift */ = {isa = PBXFileReference; lastKnownFileType = sourcecode.swift; path = ArticleView.swift; sourceTree = "<group>"; };
		154BBD65270CBD2A00EFB20E /* FavoritesView.swift */ = {isa = PBXFileReference; lastKnownFileType = sourcecode.swift; path = FavoritesView.swift; sourceTree = "<group>"; };
		154BBD69270CC15400EFB20E /* ProfileView.swift */ = {isa = PBXFileReference; lastKnownFileType = sourcecode.swift; path = ProfileView.swift; sourceTree = "<group>"; };
		154BBD6B270CCBD800EFB20E /* LoginView.swift */ = {isa = PBXFileReference; lastKnownFileType = sourcecode.swift; path = LoginView.swift; sourceTree = "<group>"; };
		15BBF094270CD57B00D485E2 /* SignupView.swift */ = {isa = PBXFileReference; lastKnownFileType = sourcecode.swift; path = SignupView.swift; sourceTree = "<group>"; };
/* End PBXFileReference section */

/* Begin PBXFrameworksBuildPhase section */
		154BBD49270C9B7500EFB20E /* Frameworks */ = {
			isa = PBXFrameworksBuildPhase;
			buildActionMask = 2147483647;
			files = (
			);
			runOnlyForDeploymentPostprocessing = 0;
		};
/* End PBXFrameworksBuildPhase section */

/* Begin PBXGroup section */
		154BBD43270C9B7500EFB20E = {
			isa = PBXGroup;
			children = (
				154BBD5D270C9C3B00EFB20E /* .gitignore */,
				154BBD4E270C9B7500EFB20E /* inholland-newsreader */,
				154BBD4D270C9B7500EFB20E /* Products */,
			);
			sourceTree = "<group>";
		};
		154BBD4D270C9B7500EFB20E /* Products */ = {
			isa = PBXGroup;
			children = (
				154BBD4C270C9B7500EFB20E /* inholland-newsreader.app */,
			);
			name = Products;
			sourceTree = "<group>";
		};
		154BBD4E270C9B7500EFB20E /* inholland-newsreader */ = {
			isa = PBXGroup;
			children = (
				154BBD68270CC11F00EFB20E /* models */,
				154BBD67270CC11800EFB20E /* views */,
				154BBD4F270C9B7500EFB20E /* inholland_newsreaderApp.swift */,
				154BBD51270C9B7500EFB20E /* ContentView.swift */,
				154BBD53270C9B7800EFB20E /* Assets.xcassets */,
				154BBD55270C9B7800EFB20E /* Preview Content */,
			);
			path = "inholland-newsreader";
			sourceTree = "<group>";
		};
		154BBD55270C9B7800EFB20E /* Preview Content */ = {
			isa = PBXGroup;
			children = (
				154BBD56270C9B7800EFB20E /* Preview Assets.xcassets */,
			);
			path = "Preview Content";
			sourceTree = "<group>";
		};
		154BBD67270CC11800EFB20E /* views */ = {
			isa = PBXGroup;
			children = (
				154BBD6D270CCFAF00EFB20E /* user */,
				154BBD63270CA48B00EFB20E /* ArticleView.swift */,
				154BBD61270C9E4E00EFB20E /* ArticleCell.swift */,
				154BBD65270CBD2A00EFB20E /* FavoritesView.swift */,
			);
			path = views;
			sourceTree = "<group>";
		};
		154BBD68270CC11F00EFB20E /* models */ = {
			isa = PBXGroup;
			children = (
				154BBD5F270C9C6900EFB20E /* Article.swift */,
			);
			path = models;
			sourceTree = "<group>";
		};
		154BBD6D270CCFAF00EFB20E /* user */ = {
			isa = PBXGroup;
			children = (
				154BBD69270CC15400EFB20E /* ProfileView.swift */,
				154BBD6B270CCBD800EFB20E /* LoginView.swift */,
				15BBF094270CD57B00D485E2 /* SignupView.swift */,
			);
			path = user;
			sourceTree = "<group>";
		};
/* End PBXGroup section */

/* Begin PBXNativeTarget section */
		154BBD4B270C9B7500EFB20E /* inholland-newsreader */ = {
			isa = PBXNativeTarget;
			buildConfigurationList = 154BBD5A270C9B7800EFB20E /* Build configuration list for PBXNativeTarget "inholland-newsreader" */;
			buildPhases = (
				154BBD48270C9B7500EFB20E /* Sources */,
				154BBD49270C9B7500EFB20E /* Frameworks */,
				154BBD4A270C9B7500EFB20E /* Resources */,
			);
			buildRules = (
			);
			dependencies = (
			);
			name = "inholland-newsreader";
			productName = "inholland-newsreader";
			productReference = 154BBD4C270C9B7500EFB20E /* inholland-newsreader.app */;
			productType = "com.apple.product-type.application";
		};
/* End PBXNativeTarget section */

/* Begin PBXProject section */
		154BBD44270C9B7500EFB20E /* Project object */ = {
			isa = PBXProject;
			attributes = {
				BuildIndependentTargetsInParallel = 1;
				LastSwiftUpdateCheck = 1300;
				LastUpgradeCheck = 1300;
				TargetAttributes = {
					154BBD4B270C9B7500EFB20E = {
						CreatedOnToolsVersion = 13.0;
					};
				};
			};
			buildConfigurationList = 154BBD47270C9B7500EFB20E /* Build configuration list for PBXProject "inholland-newsreader" */;
			compatibilityVersion = "Xcode 13.0";
			developmentRegion = en;
			hasScannedForEncodings = 0;
			knownRegions = (
				en,
				Base,
			);
			mainGroup = 154BBD43270C9B7500EFB20E;
			productRefGroup = 154BBD4D270C9B7500EFB20E /* Products */;
			projectDirPath = "";
			projectRoot = "";
			targets = (
				154BBD4B270C9B7500EFB20E /* inholland-newsreader */,
			);
		};
/* End PBXProject section */

/* Begin PBXResourcesBuildPhase section */
		154BBD4A270C9B7500EFB20E /* Resources */ = {
			isa = PBXResourcesBuildPhase;
			buildActionMask = 2147483647;
			files = (
				154BBD57270C9B7800EFB20E /* Preview Assets.xcassets in Resources */,
				154BBD5E270C9C3B00EFB20E /* .gitignore in Resources */,
				154BBD54270C9B7800EFB20E /* Assets.xcassets in Resources */,
			);
			runOnlyForDeploymentPostprocessing = 0;
		};
/* End PBXResourcesBuildPhase section */

/* Begin PBXSourcesBuildPhase section */
		154BBD48270C9B7500EFB20E /* Sources */ = {
			isa = PBXSourcesBuildPhase;
			buildActionMask = 2147483647;
			files = (
				15BBF095270CD57B00D485E2 /* SignupView.swift in Sources */,
				154BBD62270C9E4E00EFB20E /* ArticleCell.swift in Sources */,
				154BBD52270C9B7500EFB20E /* ContentView.swift in Sources */,
				154BBD66270CBD2A00EFB20E /* FavoritesView.swift in Sources */,
				154BBD64270CA48B00EFB20E /* ArticleView.swift in Sources */,
				154BBD50270C9B7500EFB20E /* inholland_newsreaderApp.swift in Sources */,
				154BBD6A270CC15400EFB20E /* ProfileView.swift in Sources */,
				154BBD6C270CCBD800EFB20E /* LoginView.swift in Sources */,
				154BBD60270C9C6900EFB20E /* Article.swift in Sources */,
			);
			runOnlyForDeploymentPostprocessing = 0;
		};
/* End PBXSourcesBuildPhase section */

/* Begin XCBuildConfiguration section */
		154BBD58270C9B7800EFB20E /* Debug */ = {
			isa = XCBuildConfiguration;
			buildSettings = {
				ALWAYS_SEARCH_USER_PATHS = NO;
				CLANG_ANALYZER_NONNULL = YES;
				CLANG_ANALYZER_NUMBER_OBJECT_CONVERSION = YES_AGGRESSIVE;
				CLANG_CXX_LANGUAGE_STANDARD = "gnu++17";
				CLANG_CXX_LIBRARY = "libc++";
				CLANG_ENABLE_MODULES = YES;
				CLANG_ENABLE_OBJC_ARC = YES;
				CLANG_ENABLE_OBJC_WEAK = YES;
				CLANG_WARN_BLOCK_CAPTURE_AUTORELEASING = YES;
				CLANG_WARN_BOOL_CONVERSION = YES;
				CLANG_WARN_COMMA = YES;
				CLANG_WARN_CONSTANT_CONVERSION = YES;
				CLANG_WARN_DEPRECATED_OBJC_IMPLEMENTATIONS = YES;
				CLANG_WARN_DIRECT_OBJC_ISA_USAGE = YES_ERROR;
				CLANG_WARN_DOCUMENTATION_COMMENTS = YES;
				CLANG_WARN_EMPTY_BODY = YES;
				CLANG_WARN_ENUM_CONVERSION = YES;
				CLANG_WARN_INFINITE_RECURSION = YES;
				CLANG_WARN_INT_CONVERSION = YES;
				CLANG_WARN_NON_LITERAL_NULL_CONVERSION = YES;
				CLANG_WARN_OBJC_IMPLICIT_RETAIN_SELF = YES;
				CLANG_WARN_OBJC_LITERAL_CONVERSION = YES;
				CLANG_WARN_OBJC_ROOT_CLASS = YES_ERROR;
				CLANG_WARN_QUOTED_INCLUDE_IN_FRAMEWORK_HEADER = YES;
				CLANG_WARN_RANGE_LOOP_ANALYSIS = YES;
				CLANG_WARN_STRICT_PROTOTYPES = YES;
				CLANG_WARN_SUSPICIOUS_MOVE = YES;
				CLANG_WARN_UNGUARDED_AVAILABILITY = YES_AGGRESSIVE;
				CLANG_WARN_UNREACHABLE_CODE = YES;
				CLANG_WARN__DUPLICATE_METHOD_MATCH = YES;
				COPY_PHASE_STRIP = NO;
				DEBUG_INFORMATION_FORMAT = dwarf;
				ENABLE_STRICT_OBJC_MSGSEND = YES;
				ENABLE_TESTABILITY = YES;
				GCC_C_LANGUAGE_STANDARD = gnu11;
				GCC_DYNAMIC_NO_PIC = NO;
				GCC_NO_COMMON_BLOCKS = YES;
				GCC_OPTIMIZATION_LEVEL = 0;
				GCC_PREPROCESSOR_DEFINITIONS = (
					"DEBUG=1",
					"$(inherited)",
				);
				GCC_WARN_64_TO_32_BIT_CONVERSION = YES;
				GCC_WARN_ABOUT_RETURN_TYPE = YES_ERROR;
				GCC_WARN_UNDECLARED_SELECTOR = YES;
				GCC_WARN_UNINITIALIZED_AUTOS = YES_AGGRESSIVE;
				GCC_WARN_UNUSED_FUNCTION = YES;
				GCC_WARN_UNUSED_VARIABLE = YES;
				IPHONEOS_DEPLOYMENT_TARGET = 15.0;
				MTL_ENABLE_DEBUG_INFO = INCLUDE_SOURCE;
				MTL_FAST_MATH = YES;
				ONLY_ACTIVE_ARCH = YES;
				SDKROOT = iphoneos;
				SWIFT_ACTIVE_COMPILATION_CONDITIONS = DEBUG;
				SWIFT_OPTIMIZATION_LEVEL = "-Onone";
			};
			name = Debug;
		};
		154BBD59270C9B7800EFB20E /* Release */ = {
			isa = XCBuildConfiguration;
			buildSettings = {
				ALWAYS_SEARCH_USER_PATHS = NO;
				CLANG_ANALYZER_NONNULL = YES;
				CLANG_ANALYZER_NUMBER_OBJECT_CONVERSION = YES_AGGRESSIVE;
				CLANG_CXX_LANGUAGE_STANDARD = "gnu++17";
				CLANG_CXX_LIBRARY = "libc++";
				CLANG_ENABLE_MODULES = YES;
				CLANG_ENABLE_OBJC_ARC = YES;
				CLANG_ENABLE_OBJC_WEAK = YES;
				CLANG_WARN_BLOCK_CAPTURE_AUTORELEASING = YES;
				CLANG_WARN_BOOL_CONVERSION = YES;
				CLANG_WARN_COMMA = YES;
				CLANG_WARN_CONSTANT_CONVERSION = YES;
				CLANG_WARN_DEPRECATED_OBJC_IMPLEMENTATIONS = YES;
				CLANG_WARN_DIRECT_OBJC_ISA_USAGE = YES_ERROR;
				CLANG_WARN_DOCUMENTATION_COMMENTS = YES;
				CLANG_WARN_EMPTY_BODY = YES;
				CLANG_WARN_ENUM_CONVERSION = YES;
				CLANG_WARN_INFINITE_RECURSION = YES;
				CLANG_WARN_INT_CONVERSION = YES;
				CLANG_WARN_NON_LITERAL_NULL_CONVERSION = YES;
				CLANG_WARN_OBJC_IMPLICIT_RETAIN_SELF = YES;
				CLANG_WARN_OBJC_LITERAL_CONVERSION = YES;
				CLANG_WARN_OBJC_ROOT_CLASS = YES_ERROR;
				CLANG_WARN_QUOTED_INCLUDE_IN_FRAMEWORK_HEADER = YES;
				CLANG_WARN_RANGE_LOOP_ANALYSIS = YES;
				CLANG_WARN_STRICT_PROTOTYPES = YES;
				CLANG_WARN_SUSPICIOUS_MOVE = YES;
				CLANG_WARN_UNGUARDED_AVAILABILITY = YES_AGGRESSIVE;
				CLANG_WARN_UNREACHABLE_CODE = YES;
				CLANG_WARN__DUPLICATE_METHOD_MATCH = YES;
				COPY_PHASE_STRIP = NO;
				DEBUG_INFORMATION_FORMAT = "dwarf-with-dsym";
				ENABLE_NS_ASSERTIONS = NO;
				ENABLE_STRICT_OBJC_MSGSEND = YES;
				GCC_C_LANGUAGE_STANDARD = gnu11;
				GCC_NO_COMMON_BLOCKS = YES;
				GCC_WARN_64_TO_32_BIT_CONVERSION = YES;
				GCC_WARN_ABOUT_RETURN_TYPE = YES_ERROR;
				GCC_WARN_UNDECLARED_SELECTOR = YES;
				GCC_WARN_UNINITIALIZED_AUTOS = YES_AGGRESSIVE;
				GCC_WARN_UNUSED_FUNCTION = YES;
				GCC_WARN_UNUSED_VARIABLE = YES;
				IPHONEOS_DEPLOYMENT_TARGET = 15.0;
				MTL_ENABLE_DEBUG_INFO = NO;
				MTL_FAST_MATH = YES;
				SDKROOT = iphoneos;
				SWIFT_COMPILATION_MODE = wholemodule;
				SWIFT_OPTIMIZATION_LEVEL = "-O";
				VALIDATE_PRODUCT = YES;
			};
			name = Release;
		};
		154BBD5B270C9B7800EFB20E /* Debug */ = {
			isa = XCBuildConfiguration;
			buildSettings = {
				ASSETCATALOG_COMPILER_APPICON_NAME = AppIcon;
				ASSETCATALOG_COMPILER_GLOBAL_ACCENT_COLOR_NAME = AccentColor;
				CODE_SIGN_STYLE = Automatic;
				CURRENT_PROJECT_VERSION = 1;
				DEVELOPMENT_ASSET_PATHS = "\"inholland-newsreader/Preview Content\"";
				DEVELOPMENT_TEAM = 6QRV3HD79G;
				ENABLE_PREVIEWS = YES;
				GENERATE_INFOPLIST_FILE = YES;
				INFOPLIST_KEY_UIApplicationSceneManifest_Generation = YES;
				INFOPLIST_KEY_UIApplicationSupportsIndirectInputEvents = YES;
				INFOPLIST_KEY_UILaunchScreen_Generation = YES;
				INFOPLIST_KEY_UISupportedInterfaceOrientations_iPad = "UIInterfaceOrientationPortrait UIInterfaceOrientationPortraitUpsideDown UIInterfaceOrientationLandscapeLeft UIInterfaceOrientationLandscapeRight";
				INFOPLIST_KEY_UISupportedInterfaceOrientations_iPhone = "UIInterfaceOrientationPortrait UIInterfaceOrientationLandscapeLeft UIInterfaceOrientationLandscapeRight";
				IPHONEOS_DEPLOYMENT_TARGET = 14.0;
				LD_RUNPATH_SEARCH_PATHS = (
					"$(inherited)",
					"@executable_path/Frameworks",
				);
				MARKETING_VERSION = 1.0;
				PRODUCT_BUNDLE_IDENTIFIER = "nl.luukkenselaar.inholland-newsreader";
				PRODUCT_NAME = "$(TARGET_NAME)";
				SWIFT_EMIT_LOC_STRINGS = YES;
				SWIFT_VERSION = 5.0;
				TARGETED_DEVICE_FAMILY = "1,2";
			};
			name = Debug;
		};
		154BBD5C270C9B7800EFB20E /* Release */ = {
			isa = XCBuildConfiguration;
			buildSettings = {
				ASSETCATALOG_COMPILER_APPICON_NAME = AppIcon;
				ASSETCATALOG_COMPILER_GLOBAL_ACCENT_COLOR_NAME = AccentColor;
				CODE_SIGN_STYLE = Automatic;
				CURRENT_PROJECT_VERSION = 1;
				DEVELOPMENT_ASSET_PATHS = "\"inholland-newsreader/Preview Content\"";
				DEVELOPMENT_TEAM = 6QRV3HD79G;
				ENABLE_PREVIEWS = YES;
				GENERATE_INFOPLIST_FILE = YES;
				INFOPLIST_KEY_UIApplicationSceneManifest_Generation = YES;
				INFOPLIST_KEY_UIApplicationSupportsIndirectInputEvents = YES;
				INFOPLIST_KEY_UILaunchScreen_Generation = YES;
				INFOPLIST_KEY_UISupportedInterfaceOrientations_iPad = "UIInterfaceOrientationPortrait UIInterfaceOrientationPortraitUpsideDown UIInterfaceOrientationLandscapeLeft UIInterfaceOrientationLandscapeRight";
				INFOPLIST_KEY_UISupportedInterfaceOrientations_iPhone = "UIInterfaceOrientationPortrait UIInterfaceOrientationLandscapeLeft UIInterfaceOrientationLandscapeRight";
				IPHONEOS_DEPLOYMENT_TARGET = 14.0;
				LD_RUNPATH_SEARCH_PATHS = (
					"$(inherited)",
					"@executable_path/Frameworks",
				);
				MARKETING_VERSION = 1.0;
				PRODUCT_BUNDLE_IDENTIFIER = "nl.luukkenselaar.inholland-newsreader";
				PRODUCT_NAME = "$(TARGET_NAME)";
				SWIFT_EMIT_LOC_STRINGS = YES;
				SWIFT_VERSION = 5.0;
				TARGETED_DEVICE_FAMILY = "1,2";
			};
			name = Release;
		};
/* End XCBuildConfiguration section */

/* Begin XCConfigurationList section */
		154BBD47270C9B7500EFB20E /* Build configuration list for PBXProject "inholland-newsreader" */ = {
			isa = XCConfigurationList;
			buildConfigurations = (
				154BBD58270C9B7800EFB20E /* Debug */,
				154BBD59270C9B7800EFB20E /* Release */,
			);
			defaultConfigurationIsVisible = 0;
			defaultConfigurationName = Release;
		};
		154BBD5A270C9B7800EFB20E /* Build configuration list for PBXNativeTarget "inholland-newsreader" */ = {
			isa = XCConfigurationList;
			buildConfigurations = (
				154BBD5B270C9B7800EFB20E /* Debug */,
				154BBD5C270C9B7800EFB20E /* Release */,
			);
			defaultConfigurationIsVisible = 0;
			defaultConfigurationName = Release;
		};
/* End XCConfigurationList section */
	};
	rootObject = 154BBD44270C9B7500EFB20E /* Project object */;
}
